// !$*UTF8*$!
{
	archiveVersion = 1;
	classes = {
	};
	objectVersion = 50;
	objects = {

/* Begin PBXBuildFile section */
		4F410D6B21E153400065C38B /* AppDelegate.swift in Sources */ = {isa = PBXBuildFile; fileRef = 4F410D6A21E153400065C38B /* AppDelegate.swift */; };
		4F410D6D21E153400065C38B /* ViewController.swift in Sources */ = {isa = PBXBuildFile; fileRef = 4F410D6C21E153400065C38B /* ViewController.swift */; };
		4F410D7021E153400065C38B /* Main.storyboard in Resources */ = {isa = PBXBuildFile; fileRef = 4F410D6E21E153400065C38B /* Main.storyboard */; };
		4F410D7321E153400065C38B /* Rehearsal.xcdatamodeld in Sources */ = {isa = PBXBuildFile; fileRef = 4F410D7121E153400065C38B /* Rehearsal.xcdatamodeld */; };
		4F410D7521E153410065C38B /* Assets.xcassets in Resources */ = {isa = PBXBuildFile; fileRef = 4F410D7421E153410065C38B /* Assets.xcassets */; };
		4F410D7821E153410065C38B /* LaunchScreen.storyboard in Resources */ = {isa = PBXBuildFile; fileRef = 4F410D7621E153410065C38B /* LaunchScreen.storyboard */; };
		4F96974821F61FCD00D56FCA /* LibraryController.swift in Sources */ = {isa = PBXBuildFile; fileRef = 4F96974621F61FCD00D56FCA /* LibraryController.swift */; };
/* End PBXBuildFile section */

/* Begin PBXFileReference section */
		4F410D6721E153400065C38B /* Rehearsal.app */ = {isa = PBXFileReference; explicitFileType = wrapper.application; includeInIndex = 0; path = Rehearsal.app; sourceTree = BUILT_PRODUCTS_DIR; };
		4F410D6A21E153400065C38B /* AppDelegate.swift */ = {isa = PBXFileReference; lastKnownFileType = sourcecode.swift; path = AppDelegate.swift; sourceTree = "<group>"; };
		4F410D6C21E153400065C38B /* ViewController.swift */ = {isa = PBXFileReference; lastKnownFileType = sourcecode.swift; path = ViewController.swift; sourceTree = "<group>"; };
		4F410D6F21E153400065C38B /* Base */ = {isa = PBXFileReference; lastKnownFileType = file.storyboard; name = Base; path = Base.lproj/Main.storyboard; sourceTree = "<group>"; };
		4F410D7221E153400065C38B /* Rehearsal.xcdatamodel */ = {isa = PBXFileReference; lastKnownFileType = wrapper.xcdatamodel; path = Rehearsal.xcdatamodel; sourceTree = "<group>"; };
		4F410D7421E153410065C38B /* Assets.xcassets */ = {isa = PBXFileReference; lastKnownFileType = folder.assetcatalog; path = Assets.xcassets; sourceTree = "<group>"; };
		4F410D7721E153410065C38B /* Base */ = {isa = PBXFileReference; lastKnownFileType = file.storyboard; name = Base; path = Base.lproj/LaunchScreen.storyboard; sourceTree = "<group>"; };
		4F410D7921E153410065C38B /* Info.plist */ = {isa = PBXFileReference; lastKnownFileType = text.plist.xml; path = Info.plist; sourceTree = "<group>"; };
		4F96974621F61FCD00D56FCA /* LibraryController.swift */ = {isa = PBXFileReference; lastKnownFileType = sourcecode.swift; path = LibraryController.swift; sourceTree = "<group>"; };
/* End PBXFileReference section */

/* Begin PBXFrameworksBuildPhase section */
		4F410D6421E153400065C38B /* Frameworks */ = {
			isa = PBXFrameworksBuildPhase;
			buildActionMask = 2147483647;
			files = (
			);
			runOnlyForDeploymentPostprocessing = 0;
		};
/* End PBXFrameworksBuildPhase section */

/* Begin PBXGroup section */
		4F410D5E21E153400065C38B = {
			isa = PBXGroup;
			children = (
				4F410D6921E153400065C38B /* Rehearsal */,
				4F410D6821E153400065C38B /* Products */,
			);
			sourceTree = "<group>";
		};
		4F410D6821E153400065C38B /* Products */ = {
			isa = PBXGroup;
			children = (
				4F410D6721E153400065C38B /* Rehearsal.app */,
			);
			name = Products;
			sourceTree = "<group>";
		};
		4F410D6921E153400065C38B /* Rehearsal */ = {
			isa = PBXGroup;
			children = (
				4F410D6A21E153400065C38B /* AppDelegate.swift */,
				4F410D6C21E153400065C38B /* ViewController.swift */,
				4F96974621F61FCD00D56FCA /* LibraryController.swift */,
				4F410D6E21E153400065C38B /* Main.storyboard */,
				4F410D7421E153410065C38B /* Assets.xcassets */,
				4F410D7621E153410065C38B /* LaunchScreen.storyboard */,
				4F410D7921E153410065C38B /* Info.plist */,
				4F410D7121E153400065C38B /* Rehearsal.xcdatamodeld */,
			);
			path = Rehearsal;
			sourceTree = "<group>";
		};
/* End PBXGroup section */

/* Begin PBXNativeTarget section */
		4F410D6621E153400065C38B /* Rehearsal */ = {
			isa = PBXNativeTarget;
			buildConfigurationList = 4F410D7C21E153410065C38B /* Build configuration list for PBXNativeTarget "Rehearsal" */;
			buildPhases = (
				4F410D6321E153400065C38B /* Sources */,
				4F410D6421E153400065C38B /* Frameworks */,
				4F410D6521E153400065C38B /* Resources */,
			);
			buildRules = (
			);
			dependencies = (
			);
			name = Rehearsal;
			productName = Rehearsal;
			productReference = 4F410D6721E153400065C38B /* Rehearsal.app */;
			productType = "com.apple.product-type.application";
		};
/* End PBXNativeTarget section */

/* Begin PBXProject section */
		4F410D5F21E153400065C38B /* Project object */ = {
			isa = PBXProject;
			attributes = {
				LastSwiftUpdateCheck = 1010;
				LastUpgradeCheck = 1010;
				ORGANIZATIONNAME = "Omid Sharghi";
				TargetAttributes = {
					4F410D6621E153400065C38B = {
						CreatedOnToolsVersion = 10.1;
					};
				};
			};
			buildConfigurationList = 4F410D6221E153400065C38B /* Build configuration list for PBXProject "Rehearsal" */;
			compatibilityVersion = "Xcode 9.3";
			developmentRegion = en;
			hasScannedForEncodings = 0;
			knownRegions = (
				en,
				Base,
			);
			mainGroup = 4F410D5E21E153400065C38B;
			productRefGroup = 4F410D6821E153400065C38B /* Products */;
			projectDirPath = "";
			projectRoot = "";
			targets = (
				4F410D6621E153400065C38B /* Rehearsal */,
			);
		};
/* End PBXProject section */

/* Begin PBXResourcesBuildPhase section */
		4F410D6521E153400065C38B /* Resources */ = {
			isa = PBXResourcesBuildPhase;
			buildActionMask = 2147483647;
			files = (
				4F410D7821E153410065C38B /* LaunchScreen.storyboard in Resources */,
				4F410D7521E153410065C38B /* Assets.xcassets in Resources */,
				4F410D7021E153400065C38B /* Main.storyboard in Resources */,
			);
			runOnlyForDeploymentPostprocessing = 0;
		};
/* End PBXResourcesBuildPhase section */

/* Begin PBXSourcesBuildPhase section */
		4F410D6321E153400065C38B /* Sources */ = {
			isa = PBXSourcesBuildPhase;
			buildActionMask = 2147483647;
			files = (
				4F410D6D21E153400065C38B /* ViewController.swift in Sources */,
				4F410D6B21E153400065C38B /* AppDelegate.swift in Sources */,
				4F410D7321E153400065C38B /* Rehearsal.xcdatamodeld in Sources */,
				4F96974821F61FCD00D56FCA /* LibraryController.swift in Sources */,
			);
			runOnlyForDeploymentPostprocessing = 0;
		};
/* End PBXSourcesBuildPhase section */

/* Begin PBXVariantGroup section */
		4F410D6E21E153400065C38B /* Main.storyboard */ = {
			isa = PBXVariantGroup;
			children = (
				4F410D6F21E153400065C38B /* Base */,
			);
			name = Main.storyboard;
			sourceTree = "<group>";
		};
		4F410D7621E153410065C38B /* LaunchScreen.storyboard */ = {
			isa = PBXVariantGroup;
			children = (
				4F410D7721E153410065C38B /* Base */,
			);
			name = LaunchScreen.storyboard;
			sourceTree = "<group>";
		};
/* End PBXVariantGroup section */

/* Begin XCBuildConfiguration section */
		4F410D7A21E153410065C38B /* Debug */ = {
			isa = XCBuildConfiguration;
			buildSettings = {
				ALWAYS_SEARCH_USER_PATHS = NO;
				CLANG_ANALYZER_NONNULL = YES;
				CLANG_ANALYZER_NUMBER_OBJECT_CONVERSION = YES_AGGRESSIVE;
				CLANG_CXX_LANGUAGE_STANDARD = "gnu++14";
				CLANG_CXX_LIBRARY = "libc++";
				CLANG_ENABLE_MODULES = YES;
				CLANG_ENABLE_OBJC_ARC = YES;
				CLANG_ENABLE_OBJC_WEAK = YES;
				CLANG_WARN_BLOCK_CAPTURE_AUTORELEASING = YES;
				CLANG_WARN_BOOL_CONVERSION = YES;
				CLANG_WARN_COMMA = YES;
				CLANG_WARN_CONSTANT_CONVERSION = YES;
				CLANG_WARN_DEPRECATED_OBJC_IMPLEMENTATIONS = YES;
				CLANG_WARN_DIRECT_OBJC_ISA_USAGE = YES_ERROR;
				CLANG_WARN_DOCUMENTATION_COMMENTS = YES;
				CLANG_WARN_EMPTY_BODY = YES;
				CLANG_WARN_ENUM_CONVERSION = YES;
				CLANG_WARN_INFINITE_RECURSION = YES;
				CLANG_WARN_INT_CONVERSION = YES;
				CLANG_WARN_NON_LITERAL_NULL_CONVERSION = YES;
				CLANG_WARN_OBJC_IMPLICIT_RETAIN_SELF = YES;
				CLANG_WARN_OBJC_LITERAL_CONVERSION = YES;
				CLANG_WARN_OBJC_ROOT_CLASS = YES_ERROR;
				CLANG_WARN_RANGE_LOOP_ANALYSIS = YES;
				CLANG_WARN_STRICT_PROTOTYPES = YES;
				CLANG_WARN_SUSPICIOUS_MOVE = YES;
				CLANG_WARN_UNGUARDED_AVAILABILITY = YES_AGGRESSIVE;
				CLANG_WARN_UNREACHABLE_CODE = YES;
				CLANG_WARN__DUPLICATE_METHOD_MATCH = YES;
				CODE_SIGN_IDENTITY = "iPhone Developer";
				COPY_PHASE_STRIP = NO;
				DEBUG_INFORMATION_FORMAT = dwarf;
				ENABLE_STRICT_OBJC_MSGSEND = YES;
				ENABLE_TESTABILITY = YES;
				GCC_C_LANGUAGE_STANDARD = gnu11;
				GCC_DYNAMIC_NO_PIC = NO;
				GCC_NO_COMMON_BLOCKS = YES;
				GCC_OPTIMIZATION_LEVEL = 0;
				GCC_PREPROCESSOR_DEFINITIONS = (
					"DEBUG=1",
					"$(inherited)",
				);
				GCC_WARN_64_TO_32_BIT_CONVERSION = YES;
				GCC_WARN_ABOUT_RETURN_TYPE = YES_ERROR;
				GCC_WARN_UNDECLARED_SELECTOR = YES;
				GCC_WARN_UNINITIALIZED_AUTOS = YES_AGGRESSIVE;
				GCC_WARN_UNUSED_FUNCTION = YES;
				GCC_WARN_UNUSED_VARIABLE = YES;
				IPHONEOS_DEPLOYMENT_TARGET = 12.1;
				MTL_ENABLE_DEBUG_INFO = INCLUDE_SOURCE;
				MTL_FAST_MATH = YES;
				ONLY_ACTIVE_ARCH = YES;
				SDKROOT = iphoneos;
				SWIFT_ACTIVE_COMPILATION_CONDITIONS = DEBUG;
				SWIFT_OPTIMIZATION_LEVEL = "-Onone";
			};
			name = Debug;
		};
		4F410D7B21E153410065C38B /* Release */ = {
			isa = XCBuildConfiguration;
			buildSettings = {
				ALWAYS_SEARCH_USER_PATHS = NO;
				CLANG_ANALYZER_NONNULL = YES;
				CLANG_ANALYZER_NUMBER_OBJECT_CONVERSION = YES_AGGRESSIVE;
				CLANG_CXX_LANGUAGE_STANDARD = "gnu++14";
				CLANG_CXX_LIBRARY = "libc++";
				CLANG_ENABLE_MODULES = YES;
				CLANG_ENABLE_OBJC_ARC = YES;
				CLANG_ENABLE_OBJC_WEAK = YES;
				CLANG_WARN_BLOCK_CAPTURE_AUTORELEASING = YES;
				CLANG_WARN_BOOL_CONVERSION = YES;
				CLANG_WARN_COMMA = YES;
				CLANG_WARN_CONSTANT_CONVERSION = YES;
				CLANG_WARN_DEPRECATED_OBJC_IMPLEMENTATIONS = YES;
				CLANG_WARN_DIRECT_OBJC_ISA_USAGE = YES_ERROR;
				CLANG_WARN_DOCUMENTATION_COMMENTS = YES;
				CLANG_WARN_EMPTY_BODY = YES;
				CLANG_WARN_ENUM_CONVERSION = YES;
				CLANG_WARN_INFINITE_RECURSION = YES;
				CLANG_WARN_INT_CONVERSION = YES;
				CLANG_WARN_NON_LITERAL_NULL_CONVERSION = YES;
				CLANG_WARN_OBJC_IMPLICIT_RETAIN_SELF = YES;
				CLANG_WARN_OBJC_LITERAL_CONVERSION = YES;
				CLANG_WARN_OBJC_ROOT_CLASS = YES_ERROR;
				CLANG_WARN_RANGE_LOOP_ANALYSIS = YES;
				CLANG_WARN_STRICT_PROTOTYPES = YES;
				CLANG_WARN_SUSPICIOUS_MOVE = YES;
				CLANG_WARN_UNGUARDED_AVAILABILITY = YES_AGGRESSIVE;
				CLANG_WARN_UNREACHABLE_CODE = YES;
				CLANG_WARN__DUPLICATE_METHOD_MATCH = YES;
				CODE_SIGN_IDENTITY = "iPhone Developer";
				COPY_PHASE_STRIP = NO;
				DEBUG_INFORMATION_FORMAT = "dwarf-with-dsym";
				ENABLE_NS_ASSERTIONS = NO;
				ENABLE_STRICT_OBJC_MSGSEND = YES;
				GCC_C_LANGUAGE_STANDARD = gnu11;
				GCC_NO_COMMON_BLOCKS = YES;
				GCC_WARN_64_TO_32_BIT_CONVERSION = YES;
				GCC_WARN_ABOUT_RETURN_TYPE = YES_ERROR;
				GCC_WARN_UNDECLARED_SELECTOR = YES;
				GCC_WARN_UNINITIALIZED_AUTOS = YES_AGGRESSIVE;
				GCC_WARN_UNUSED_FUNCTION = YES;
				GCC_WARN_UNUSED_VARIABLE = YES;
				IPHONEOS_DEPLOYMENT_TARGET = 12.1;
				MTL_ENABLE_DEBUG_INFO = NO;
				MTL_FAST_MATH = YES;
				SDKROOT = iphoneos;
				SWIFT_COMPILATION_MODE = wholemodule;
				SWIFT_OPTIMIZATION_LEVEL = "-O";
				VALIDATE_PRODUCT = YES;
			};
			name = Release;
		};
		4F410D7D21E153410065C38B /* Debug */ = {
			isa = XCBuildConfiguration;
			buildSettings = {
				ASSETCATALOG_COMPILER_APPICON_NAME = AppIcon;
				CODE_SIGN_STYLE = Automatic;
				DEVELOPMENT_TEAM = TS6988L22X;
				INFOPLIST_FILE = Rehearsal/Info.plist;
				LD_RUNPATH_SEARCH_PATHS = (
					"$(inherited)",
					"@executable_path/Frameworks",
				);
				PRODUCT_BUNDLE_IDENTIFIER = odimo.Rehearsal;
				PRODUCT_NAME = "$(TARGET_NAME)";
				SWIFT_VERSION = 4.2;
				TARGETED_DEVICE_FAMILY = "1,2";
			};
			name = Debug;
		};
		4F410D7E21E153410065C38B /* Release */ = {
			isa = XCBuildConfiguration;
			buildSettings = {
				ASSETCATALOG_COMPILER_APPICON_NAME = AppIcon;
				CODE_SIGN_STYLE = Automatic;
				DEVELOPMENT_TEAM = TS6988L22X;
				INFOPLIST_FILE = Rehearsal/Info.plist;
				LD_RUNPATH_SEARCH_PATHS = (
					"$(inherited)",
					"@executable_path/Frameworks",
				);
				PRODUCT_BUNDLE_IDENTIFIER = odimo.Rehearsal;
				PRODUCT_NAME = "$(TARGET_NAME)";
				SWIFT_VERSION = 4.2;
				TARGETED_DEVICE_FAMILY = "1,2";
			};
			name = Release;
		};
/* End XCBuildConfiguration section */

/* Begin XCConfigurationList section */
		4F410D6221E153400065C38B /* Build configuration list for PBXProject "Rehearsal" */ = {
			isa = XCConfigurationList;
			buildConfigurations = (
				4F410D7A21E153410065C38B /* Debug */,
				4F410D7B21E153410065C38B /* Release */,
			);
			defaultConfigurationIsVisible = 0;
			defaultConfigurationName = Release;
		};
		4F410D7C21E153410065C38B /* Build configuration list for PBXNativeTarget "Rehearsal" */ = {
			isa = XCConfigurationList;
			buildConfigurations = (
				4F410D7D21E153410065C38B /* Debug */,
				4F410D7E21E153410065C38B /* Release */,
			);
			defaultConfigurationIsVisible = 0;
			defaultConfigurationName = Release;
		};
/* End XCConfigurationList section */

/* Begin XCVersionGroup section */
		4F410D7121E153400065C38B /* Rehearsal.xcdatamodeld */ = {
			isa = XCVersionGroup;
			children = (
				4F410D7221E153400065C38B /* Rehearsal.xcdatamodel */,
			);
			currentVersion = 4F410D7221E153400065C38B /* Rehearsal.xcdatamodel */;
			path = Rehearsal.xcdatamodeld;
			sourceTree = "<group>";
			versionGroupType = wrapper.xcdatamodel;
		};
/* End XCVersionGroup section */
	};
	rootObject = 4F410D5F21E153400065C38B /* Project object */;
}
